
Microsoft Visual Studio Solution File, Format Version 12.00
# Visual Studio 2017
Project("{FAE04EC0-301F-11D3-BF4B-00C04F79EFBC}") = "RogueLikeProject", "RogueLikeProject.csproj", "{4A3A3848-70DA-AD34-960D-C72C12094152}"
EndProject
Project("{FAE04EC0-301F-11D3-BF4B-00C04F79EFBC}") = "RogueLikeProject.Editor", "RogueLikeProject.Editor.csproj", "{159FDB31-7DE5-D533-561E-174263A05303}"
EndProject
Global
	GlobalSection(SolutionConfigurationPlatforms) = preSolution
		Debug|Any CPU = Debug|Any CPU
		Release|Any CPU = Release|Any CPU
	EndGlobalSection
	GlobalSection(ProjectConfigurationPlatforms) = postSolution
		{4A3A3848-70DA-AD34-960D-C72C12094152}.Debug|Any CPU.ActiveCfg = Debug|Any CPU
		{4A3A3848-70DA-AD34-960D-C72C12094152}.Debug|Any CPU.Build.0 = Debug|Any CPU
		{4A3A3848-70DA-AD34-960D-C72C12094152}.Release|Any CPU.ActiveCfg = Release|Any CPU
		{4A3A3848-70DA-AD34-960D-C72C12094152}.Release|Any CPU.Build.0 = Release|Any CPU
		{159FDB31-7DE5-D533-561E-174263A05303}.Debug|Any CPU.ActiveCfg = Debug|Any CPU
		{159FDB31-7DE5-D533-561E-174263A05303}.Debug|Any CPU.Build.0 = Debug|Any CPU
		{159FDB31-7DE5-D533-561E-174263A05303}.Release|Any CPU.ActiveCfg = Release|Any CPU
		{159FDB31-7DE5-D533-561E-174263A05303}.Release|Any CPU.Build.0 = Release|Any CPU
	EndGlobalSection
	GlobalSection(SolutionProperties) = preSolution
		HideSolutionNode = FALSE
	EndGlobalSection
EndGlobal
